
Microsoft Visual Studio Solution File, Format Version 12.00
# Visual Studio Version 17
VisualStudioVersion = 17.5.002.0
MinimumVisualStudioVersion = 10.0.40219.1
Project("{9A19103F-16F7-4668-BE54-9A1E7A4F7556}") = "prove-08", "prove-08.csproj", "{96CF5C12-ED71-4E03-AD76-76A54466480D}"
EndProject
Global
	GlobalSection(SolutionConfigurationPlatforms) = preSolution
		Debug|Any CPU = Debug|Any CPU
		Release|Any CPU = Release|Any CPU
	EndGlobalSection
	GlobalSection(ProjectConfigurationPlatforms) = postSolution
		{96CF5C12-ED71-4E03-AD76-76A54466480D}.Debug|Any CPU.ActiveCfg = Debug|Any CPU
		{96CF5C12-ED71-4E03-AD76-76A54466480D}.Debug|Any CPU.Build.0 = Debug|Any CPU
		{96CF5C12-ED71-4E03-AD76-76A54466480D}.Release|Any CPU.ActiveCfg = Release|Any CPU
		{96CF5C12-ED71-4E03-AD76-76A54466480D}.Release|Any CPU.Build.0 = Release|Any CPU
	EndGlobalSection
	GlobalSection(SolutionProperties) = preSolution
		HideSolutionNode = FALSE
	EndGlobalSection
	GlobalSection(ExtensibilityGlobals) = postSolution
		SolutionGuid = {2FE6FF4E-78C7-4646-9B0A-0AF6DDC62B69}
	EndGlobalSection
EndGlobal
